
Microsoft Visual Studio Solution File, Format Version 12.00
# Visual Studio Version 16
VisualStudioVersion = 16.0.30523.141
MinimumVisualStudioVersion = 10.0.40219.1
Project("{FAE04EC0-301F-11D3-BF4B-00C04F79EFBC}") = "GUI", "GUI\GUI.csproj", "{24D4DF40-59A3-47C0-80FB-0F1A931D3CB0}"
EndProject
Project("{FAE04EC0-301F-11D3-BF4B-00C04F79EFBC}") = "DAL", "DAL\DAL.csproj", "{CFB43B43-A807-4578-B107-4E371FDF1841}"
EndProject
Project("{FAE04EC0-301F-11D3-BF4B-00C04F79EFBC}") = "BLL", "BLL\BLL.csproj", "{B42960A0-DE6F-4BA9-A826-69A55C266F67}"
EndProject
Project("{FAE04EC0-301F-11D3-BF4B-00C04F79EFBC}") = "Modelo", "Modelo\Modelo.csproj", "{905FA8A9-4664-482D-803E-677BDBA3ACBA}"
EndProject
Global
	GlobalSection(SolutionConfigurationPlatforms) = preSolution
		Debug|Any CPU = Debug|Any CPU
		Release|Any CPU = Release|Any CPU
	EndGlobalSection
	GlobalSection(ProjectConfigurationPlatforms) = postSolution
		{24D4DF40-59A3-47C0-80FB-0F1A931D3CB0}.Debug|Any CPU.ActiveCfg = Debug|Any CPU
		{24D4DF40-59A3-47C0-80FB-0F1A931D3CB0}.Debug|Any CPU.Build.0 = Debug|Any CPU
		{24D4DF40-59A3-47C0-80FB-0F1A931D3CB0}.Release|Any CPU.ActiveCfg = Release|Any CPU
		{24D4DF40-59A3-47C0-80FB-0F1A931D3CB0}.Release|Any CPU.Build.0 = Release|Any CPU
		{CFB43B43-A807-4578-B107-4E371FDF1841}.Debug|Any CPU.ActiveCfg = Debug|Any CPU
		{CFB43B43-A807-4578-B107-4E371FDF1841}.Debug|Any CPU.Build.0 = Debug|Any CPU
		{CFB43B43-A807-4578-B107-4E371FDF1841}.Release|Any CPU.ActiveCfg = Release|Any CPU
		{CFB43B43-A807-4578-B107-4E371FDF1841}.Release|Any CPU.Build.0 = Release|Any CPU
		{B42960A0-DE6F-4BA9-A826-69A55C266F67}.Debug|Any CPU.ActiveCfg = Debug|Any CPU
		{B42960A0-DE6F-4BA9-A826-69A55C266F67}.Debug|Any CPU.Build.0 = Debug|Any CPU
		{B42960A0-DE6F-4BA9-A826-69A55C266F67}.Release|Any CPU.ActiveCfg = Release|Any CPU
		{B42960A0-DE6F-4BA9-A826-69A55C266F67}.Release|Any CPU.Build.0 = Release|Any CPU
		{905FA8A9-4664-482D-803E-677BDBA3ACBA}.Debug|Any CPU.ActiveCfg = Debug|Any CPU
		{905FA8A9-4664-482D-803E-677BDBA3ACBA}.Debug|Any CPU.Build.0 = Debug|Any CPU
		{905FA8A9-4664-482D-803E-677BDBA3ACBA}.Release|Any CPU.ActiveCfg = Release|Any CPU
		{905FA8A9-4664-482D-803E-677BDBA3ACBA}.Release|Any CPU.Build.0 = Release|Any CPU
	EndGlobalSection
	GlobalSection(SolutionProperties) = preSolution
		HideSolutionNode = FALSE
	EndGlobalSection
	GlobalSection(ExtensibilityGlobals) = postSolution
		SolutionGuid = {F776D557-1D98-41B3-8B94-44A735009644}
	EndGlobalSection
EndGlobal
